
Microsoft Visual Studio Solution File, Format Version 12.00
# Visual Studio Version 16
VisualStudioVersion = 16.0.32126.315
MinimumVisualStudioVersion = 10.0.40219.1
Project("{FAE04EC0-301F-11D3-BF4B-00C04F79EFBC}") = "DaireSilindirKoni", "ConsoleApp11\DaireSilindirKoni.csproj", "{DD1EB601-0330-49D0-B124-0CC534B1C153}"
EndProject
Project("{FAE04EC0-301F-11D3-BF4B-00C04F79EFBC}") = "AracBoya", "ConsoleApp1\AracBoya.csproj", "{F2D72FC9-74F1-484A-8533-A448B40ADB76}"
EndProject
Global
	GlobalSection(SolutionConfigurationPlatforms) = preSolution
		Debug|Any CPU = Debug|Any CPU
		Release|Any CPU = Release|Any CPU
	EndGlobalSection
	GlobalSection(ProjectConfigurationPlatforms) = postSolution
		{DD1EB601-0330-49D0-B124-0CC534B1C153}.Debug|Any CPU.ActiveCfg = Debug|Any CPU
		{DD1EB601-0330-49D0-B124-0CC534B1C153}.Debug|Any CPU.Build.0 = Debug|Any CPU
		{DD1EB601-0330-49D0-B124-0CC534B1C153}.Release|Any CPU.ActiveCfg = Release|Any CPU
		{DD1EB601-0330-49D0-B124-0CC534B1C153}.Release|Any CPU.Build.0 = Release|Any CPU
		{F2D72FC9-74F1-484A-8533-A448B40ADB76}.Debug|Any CPU.ActiveCfg = Debug|Any CPU
		{F2D72FC9-74F1-484A-8533-A448B40ADB76}.Debug|Any CPU.Build.0 = Debug|Any CPU
		{F2D72FC9-74F1-484A-8533-A448B40ADB76}.Release|Any CPU.ActiveCfg = Release|Any CPU
		{F2D72FC9-74F1-484A-8533-A448B40ADB76}.Release|Any CPU.Build.0 = Release|Any CPU
	EndGlobalSection
	GlobalSection(SolutionProperties) = preSolution
		HideSolutionNode = FALSE
	EndGlobalSection
	GlobalSection(ExtensibilityGlobals) = postSolution
		SolutionGuid = {B5592E9E-F011-4285-90E8-ED66FDADCC80}
	EndGlobalSection
EndGlobal
